// !$*UTF8*$!
{
	archiveVersion = 1;
	classes = {
	};
	objectVersion = 50;
	objects = {

/* Begin PBXBuildFile section */
		012072612327ECEE007B423D /* AppDelegate.swift in Sources */ = {isa = PBXBuildFile; fileRef = 012072602327ECEE007B423D /* AppDelegate.swift */; };
		012072632327ECEE007B423D /* SceneDelegate.swift in Sources */ = {isa = PBXBuildFile; fileRef = 012072622327ECEE007B423D /* SceneDelegate.swift */; };
		012072652327ECEE007B423D /* ViewController.swift in Sources */ = {isa = PBXBuildFile; fileRef = 012072642327ECEE007B423D /* ViewController.swift */; };
		012072682327ECEE007B423D /* Main.storyboard in Resources */ = {isa = PBXBuildFile; fileRef = 012072662327ECEE007B423D /* Main.storyboard */; };
		0120726A2327ECEF007B423D /* Assets.xcassets in Resources */ = {isa = PBXBuildFile; fileRef = 012072692327ECEF007B423D /* Assets.xcassets */; };
		0120726D2327ECEF007B423D /* LaunchScreen.storyboard in Resources */ = {isa = PBXBuildFile; fileRef = 0120726B2327ECEF007B423D /* LaunchScreen.storyboard */; };
		01207276232A0764007B423D /* WebKit.framework in Frameworks */ = {isa = PBXBuildFile; fileRef = 01207275232A0764007B423D /* WebKit.framework */; };
		01207278232A08D5007B423D /* QuoteViewController.swift in Sources */ = {isa = PBXBuildFile; fileRef = 01207277232A08D5007B423D /* QuoteViewController.swift */; };
		0174259D233687C200843B34 /* Quote.swift in Sources */ = {isa = PBXBuildFile; fileRef = 0174259C233687C200843B34 /* Quote.swift */; };
		0174259F2336A8CB00843B34 /* QuoteDeck.swift in Sources */ = {isa = PBXBuildFile; fileRef = 0174259E2336A8CB00843B34 /* QuoteDeck.swift */; };
/* End PBXBuildFile section */

/* Begin PBXFileReference section */
		0120725D2327ECEE007B423D /* Quotes.app */ = {isa = PBXFileReference; explicitFileType = wrapper.application; includeInIndex = 0; path = Quotes.app; sourceTree = BUILT_PRODUCTS_DIR; };
		012072602327ECEE007B423D /* AppDelegate.swift */ = {isa = PBXFileReference; lastKnownFileType = sourcecode.swift; path = AppDelegate.swift; sourceTree = "<group>"; };
		012072622327ECEE007B423D /* SceneDelegate.swift */ = {isa = PBXFileReference; lastKnownFileType = sourcecode.swift; path = SceneDelegate.swift; sourceTree = "<group>"; };
		012072642327ECEE007B423D /* ViewController.swift */ = {isa = PBXFileReference; lastKnownFileType = sourcecode.swift; path = ViewController.swift; sourceTree = "<group>"; };
		012072672327ECEE007B423D /* Base */ = {isa = PBXFileReference; lastKnownFileType = file.storyboard; name = Base; path = Base.lproj/Main.storyboard; sourceTree = "<group>"; };
		012072692327ECEF007B423D /* Assets.xcassets */ = {isa = PBXFileReference; lastKnownFileType = folder.assetcatalog; path = Assets.xcassets; sourceTree = "<group>"; };
		0120726C2327ECEF007B423D /* Base */ = {isa = PBXFileReference; lastKnownFileType = file.storyboard; name = Base; path = Base.lproj/LaunchScreen.storyboard; sourceTree = "<group>"; };
		0120726E2327ECEF007B423D /* Info.plist */ = {isa = PBXFileReference; lastKnownFileType = text.plist.xml; path = Info.plist; sourceTree = "<group>"; };
		01207275232A0764007B423D /* WebKit.framework */ = {isa = PBXFileReference; lastKnownFileType = wrapper.framework; name = WebKit.framework; path = System/Library/Frameworks/WebKit.framework; sourceTree = SDKROOT; };
		01207277232A08D5007B423D /* QuoteViewController.swift */ = {isa = PBXFileReference; lastKnownFileType = sourcecode.swift; path = QuoteViewController.swift; sourceTree = "<group>"; };
		0174259C233687C200843B34 /* Quote.swift */ = {isa = PBXFileReference; lastKnownFileType = sourcecode.swift; path = Quote.swift; sourceTree = "<group>"; };
		0174259E2336A8CB00843B34 /* QuoteDeck.swift */ = {isa = PBXFileReference; lastKnownFileType = sourcecode.swift; path = QuoteDeck.swift; sourceTree = "<group>"; };
/* End PBXFileReference section */

/* Begin PBXFrameworksBuildPhase section */
		0120725A2327ECEE007B423D /* Frameworks */ = {
			isa = PBXFrameworksBuildPhase;
			buildActionMask = 2147483647;
			files = (
				01207276232A0764007B423D /* WebKit.framework in Frameworks */,
			);
			runOnlyForDeploymentPostprocessing = 0;
		};
/* End PBXFrameworksBuildPhase section */

/* Begin PBXGroup section */
		012072542327ECEE007B423D = {
			isa = PBXGroup;
			children = (
				0120725F2327ECEE007B423D /* Founding Fathers Quote Book */,
				0120725E2327ECEE007B423D /* Products */,
				01207274232A0763007B423D /* Frameworks */,
			);
			sourceTree = "<group>";
		};
		0120725E2327ECEE007B423D /* Products */ = {
			isa = PBXGroup;
			children = (
				0120725D2327ECEE007B423D /* Quotes.app */,
			);
			name = Products;
			sourceTree = "<group>";
		};
		0120725F2327ECEE007B423D /* Founding Fathers Quote Book */ = {
			isa = PBXGroup;
			children = (
				0174259B2336870700843B34 /* Controller */,
				0174259A2336870000843B34 /* View */,
				01742599233686F100843B34 /* Model */,
				017425982336866B00843B34 /* Supported Files */,
			);
			path = "Founding Fathers Quote Book";
			sourceTree = "<group>";
		};
		01207274232A0763007B423D /* Frameworks */ = {
			isa = PBXGroup;
			children = (
				01207275232A0764007B423D /* WebKit.framework */,
			);
			name = Frameworks;
			sourceTree = "<group>";
		};
		017425982336866B00843B34 /* Supported Files */ = {
			isa = PBXGroup;
			children = (
				0120726B2327ECEF007B423D /* LaunchScreen.storyboard */,
				0120726E2327ECEF007B423D /* Info.plist */,
				012072692327ECEF007B423D /* Assets.xcassets */,
				012072622327ECEE007B423D /* SceneDelegate.swift */,
				012072602327ECEE007B423D /* AppDelegate.swift */,
			);
			name = "Supported Files";
			sourceTree = "<group>";
		};
		01742599233686F100843B34 /* Model */ = {
			isa = PBXGroup;
			children = (
				0174259C233687C200843B34 /* Quote.swift */,
				0174259E2336A8CB00843B34 /* QuoteDeck.swift */,
			);
			path = Model;
			sourceTree = "<group>";
		};
		0174259A2336870000843B34 /* View */ = {
			isa = PBXGroup;
			children = (
				012072662327ECEE007B423D /* Main.storyboard */,
			);
			path = View;
			sourceTree = "<group>";
		};
		0174259B2336870700843B34 /* Controller */ = {
			isa = PBXGroup;
			children = (
				012072642327ECEE007B423D /* ViewController.swift */,
				01207277232A08D5007B423D /* QuoteViewController.swift */,
			);
			path = Controller;
			sourceTree = "<group>";
		};
/* End PBXGroup section */

/* Begin PBXNativeTarget section */
		0120725C2327ECEE007B423D /* Founding Fathers Quote Book */ = {
			isa = PBXNativeTarget;
			buildConfigurationList = 012072712327ECEF007B423D /* Build configuration list for PBXNativeTarget "Founding Fathers Quote Book" */;
			buildPhases = (
				012072592327ECEE007B423D /* Sources */,
				0120725A2327ECEE007B423D /* Frameworks */,
				0120725B2327ECEE007B423D /* Resources */,
			);
			buildRules = (
			);
			dependencies = (
			);
			name = "Founding Fathers Quote Book";
			productName = "Founding Fathers Quote Book";
			productReference = 0120725D2327ECEE007B423D /* Quotes.app */;
			productType = "com.apple.product-type.application";
		};
/* End PBXNativeTarget section */

/* Begin PBXProject section */
		012072552327ECEE007B423D /* Project object */ = {
			isa = PBXProject;
			attributes = {
				LastSwiftUpdateCheck = 1100;
				LastUpgradeCheck = 1100;
				ORGANIZATIONNAME = "Nick Mahe";
				TargetAttributes = {
					0120725C2327ECEE007B423D = {
						CreatedOnToolsVersion = 11.0;
					};
				};
			};
			buildConfigurationList = 012072582327ECEE007B423D /* Build configuration list for PBXProject "Founding Fathers Quote Book" */;
			compatibilityVersion = "Xcode 9.3";
			developmentRegion = en;
			hasScannedForEncodings = 0;
			knownRegions = (
				en,
				Base,
			);
			mainGroup = 012072542327ECEE007B423D;
			productRefGroup = 0120725E2327ECEE007B423D /* Products */;
			projectDirPath = "";
			projectRoot = "";
			targets = (
				0120725C2327ECEE007B423D /* Founding Fathers Quote Book */,
			);
		};
/* End PBXProject section */

/* Begin PBXResourcesBuildPhase section */
		0120725B2327ECEE007B423D /* Resources */ = {
			isa = PBXResourcesBuildPhase;
			buildActionMask = 2147483647;
			files = (
				0120726D2327ECEF007B423D /* LaunchScreen.storyboard in Resources */,
				0120726A2327ECEF007B423D /* Assets.xcassets in Resources */,
				012072682327ECEE007B423D /* Main.storyboard in Resources */,
			);
			runOnlyForDeploymentPostprocessing = 0;
		};
/* End PBXResourcesBuildPhase section */

/* Begin PBXSourcesBuildPhase section */
		012072592327ECEE007B423D /* Sources */ = {
			isa = PBXSourcesBuildPhase;
			buildActionMask = 2147483647;
			files = (
				012072652327ECEE007B423D /* ViewController.swift in Sources */,
				0174259F2336A8CB00843B34 /* QuoteDeck.swift in Sources */,
				01207278232A08D5007B423D /* QuoteViewController.swift in Sources */,
				012072612327ECEE007B423D /* AppDelegate.swift in Sources */,
				0174259D233687C200843B34 /* Quote.swift in Sources */,
				012072632327ECEE007B423D /* SceneDelegate.swift in Sources */,
			);
			runOnlyForDeploymentPostprocessing = 0;
		};
/* End PBXSourcesBuildPhase section */

/* Begin PBXVariantGroup section */
		012072662327ECEE007B423D /* Main.storyboard */ = {
			isa = PBXVariantGroup;
			children = (
				012072672327ECEE007B423D /* Base */,
			);
			name = Main.storyboard;
			sourceTree = "<group>";
		};
		0120726B2327ECEF007B423D /* LaunchScreen.storyboard */ = {
			isa = PBXVariantGroup;
			children = (
				0120726C2327ECEF007B423D /* Base */,
			);
			name = LaunchScreen.storyboard;
			sourceTree = "<group>";
		};
/* End PBXVariantGroup section */

/* Begin XCBuildConfiguration section */
		0120726F2327ECEF007B423D /* Debug */ = {
			isa = XCBuildConfiguration;
			buildSettings = {
				ALWAYS_SEARCH_USER_PATHS = NO;
				CLANG_ANALYZER_NONNULL = YES;
				CLANG_ANALYZER_NUMBER_OBJECT_CONVERSION = YES_AGGRESSIVE;
				CLANG_CXX_LANGUAGE_STANDARD = "gnu++14";
				CLANG_CXX_LIBRARY = "libc++";
				CLANG_ENABLE_MODULES = YES;
				CLANG_ENABLE_OBJC_ARC = YES;
				CLANG_ENABLE_OBJC_WEAK = YES;
				CLANG_WARN_BLOCK_CAPTURE_AUTORELEASING = YES;
				CLANG_WARN_BOOL_CONVERSION = YES;
				CLANG_WARN_COMMA = YES;
				CLANG_WARN_CONSTANT_CONVERSION = YES;
				CLANG_WARN_DEPRECATED_OBJC_IMPLEMENTATIONS = YES;
				CLANG_WARN_DIRECT_OBJC_ISA_USAGE = YES_ERROR;
				CLANG_WARN_DOCUMENTATION_COMMENTS = YES;
				CLANG_WARN_EMPTY_BODY = YES;
				CLANG_WARN_ENUM_CONVERSION = YES;
				CLANG_WARN_INFINITE_RECURSION = YES;
				CLANG_WARN_INT_CONVERSION = YES;
				CLANG_WARN_NON_LITERAL_NULL_CONVERSION = YES;
				CLANG_WARN_OBJC_IMPLICIT_RETAIN_SELF = YES;
				CLANG_WARN_OBJC_LITERAL_CONVERSION = YES;
				CLANG_WARN_OBJC_ROOT_CLASS = YES_ERROR;
				CLANG_WARN_RANGE_LOOP_ANALYSIS = YES;
				CLANG_WARN_STRICT_PROTOTYPES = YES;
				CLANG_WARN_SUSPICIOUS_MOVE = YES;
				CLANG_WARN_UNGUARDED_AVAILABILITY = YES_AGGRESSIVE;
				CLANG_WARN_UNREACHABLE_CODE = YES;
				CLANG_WARN__DUPLICATE_METHOD_MATCH = YES;
				COPY_PHASE_STRIP = NO;
				DEBUG_INFORMATION_FORMAT = dwarf;
				ENABLE_STRICT_OBJC_MSGSEND = YES;
				ENABLE_TESTABILITY = YES;
				GCC_C_LANGUAGE_STANDARD = gnu11;
				GCC_DYNAMIC_NO_PIC = NO;
				GCC_NO_COMMON_BLOCKS = YES;
				GCC_OPTIMIZATION_LEVEL = 0;
				GCC_PREPROCESSOR_DEFINITIONS = (
					"DEBUG=1",
					"$(inherited)",
				);
				GCC_WARN_64_TO_32_BIT_CONVERSION = YES;
				GCC_WARN_ABOUT_RETURN_TYPE = YES_ERROR;
				GCC_WARN_UNDECLARED_SELECTOR = YES;
				GCC_WARN_UNINITIALIZED_AUTOS = YES_AGGRESSIVE;
				GCC_WARN_UNUSED_FUNCTION = YES;
				GCC_WARN_UNUSED_VARIABLE = YES;
				IPHONEOS_DEPLOYMENT_TARGET = 13.0;
				MTL_ENABLE_DEBUG_INFO = INCLUDE_SOURCE;
				MTL_FAST_MATH = YES;
				ONLY_ACTIVE_ARCH = YES;
				SDKROOT = iphoneos;
				SWIFT_ACTIVE_COMPILATION_CONDITIONS = DEBUG;
				SWIFT_OPTIMIZATION_LEVEL = "-Onone";
			};
			name = Debug;
		};
		012072702327ECEF007B423D /* Release */ = {
			isa = XCBuildConfiguration;
			buildSettings = {
				ALWAYS_SEARCH_USER_PATHS = NO;
				CLANG_ANALYZER_NONNULL = YES;
				CLANG_ANALYZER_NUMBER_OBJECT_CONVERSION = YES_AGGRESSIVE;
				CLANG_CXX_LANGUAGE_STANDARD = "gnu++14";
				CLANG_CXX_LIBRARY = "libc++";
				CLANG_ENABLE_MODULES = YES;
				CLANG_ENABLE_OBJC_ARC = YES;
				CLANG_ENABLE_OBJC_WEAK = YES;
				CLANG_WARN_BLOCK_CAPTURE_AUTORELEASING = YES;
				CLANG_WARN_BOOL_CONVERSION = YES;
				CLANG_WARN_COMMA = YES;
				CLANG_WARN_CONSTANT_CONVERSION = YES;
				CLANG_WARN_DEPRECATED_OBJC_IMPLEMENTATIONS = YES;
				CLANG_WARN_DIRECT_OBJC_ISA_USAGE = YES_ERROR;
				CLANG_WARN_DOCUMENTATION_COMMENTS = YES;
				CLANG_WARN_EMPTY_BODY = YES;
				CLANG_WARN_ENUM_CONVERSION = YES;
				CLANG_WARN_INFINITE_RECURSION = YES;
				CLANG_WARN_INT_CONVERSION = YES;
				CLANG_WARN_NON_LITERAL_NULL_CONVERSION = YES;
				CLANG_WARN_OBJC_IMPLICIT_RETAIN_SELF = YES;
				CLANG_WARN_OBJC_LITERAL_CONVERSION = YES;
				CLANG_WARN_OBJC_ROOT_CLASS = YES_ERROR;
				CLANG_WARN_RANGE_LOOP_ANALYSIS = YES;
				CLANG_WARN_STRICT_PROTOTYPES = YES;
				CLANG_WARN_SUSPICIOUS_MOVE = YES;
				CLANG_WARN_UNGUARDED_AVAILABILITY = YES_AGGRESSIVE;
				CLANG_WARN_UNREACHABLE_CODE = YES;
				CLANG_WARN__DUPLICATE_METHOD_MATCH = YES;
				COPY_PHASE_STRIP = NO;
				DEBUG_INFORMATION_FORMAT = "dwarf-with-dsym";
				ENABLE_NS_ASSERTIONS = NO;
				ENABLE_STRICT_OBJC_MSGSEND = YES;
				GCC_C_LANGUAGE_STANDARD = gnu11;
				GCC_NO_COMMON_BLOCKS = YES;
				GCC_WARN_64_TO_32_BIT_CONVERSION = YES;
				GCC_WARN_ABOUT_RETURN_TYPE = YES_ERROR;
				GCC_WARN_UNDECLARED_SELECTOR = YES;
				GCC_WARN_UNINITIALIZED_AUTOS = YES_AGGRESSIVE;
				GCC_WARN_UNUSED_FUNCTION = YES;
				GCC_WARN_UNUSED_VARIABLE = YES;
				IPHONEOS_DEPLOYMENT_TARGET = 13.0;
				MTL_ENABLE_DEBUG_INFO = NO;
				MTL_FAST_MATH = YES;
				SDKROOT = iphoneos;
				SWIFT_COMPILATION_MODE = wholemodule;
				SWIFT_OPTIMIZATION_LEVEL = "-O";
				VALIDATE_PRODUCT = YES;
			};
			name = Release;
		};
		012072722327ECEF007B423D /* Debug */ = {
			isa = XCBuildConfiguration;
			buildSettings = {
				ASSETCATALOG_COMPILER_APPICON_NAME = AppIcon;
				CODE_SIGN_STYLE = Automatic;
				INFOPLIST_FILE = "Founding Fathers Quote Book/Info.plist";
				LD_RUNPATH_SEARCH_PATHS = (
					"$(inherited)",
					"@executable_path/Frameworks",
				);
				PRODUCT_BUNDLE_IDENTIFIER = "edu.byu.nmmahe.Founding-Fathers-Quote-Book";
				PRODUCT_NAME = Quotes;
				SWIFT_VERSION = 5.0;
				TARGETED_DEVICE_FAMILY = "1,2";
			};
			name = Debug;
		};
		012072732327ECEF007B423D /* Release */ = {
			isa = XCBuildConfiguration;
			buildSettings = {
				ASSETCATALOG_COMPILER_APPICON_NAME = AppIcon;
				CODE_SIGN_STYLE = Automatic;
				INFOPLIST_FILE = "Founding Fathers Quote Book/Info.plist";
				LD_RUNPATH_SEARCH_PATHS = (
					"$(inherited)",
					"@executable_path/Frameworks",
				);
				PRODUCT_BUNDLE_IDENTIFIER = "edu.byu.nmmahe.Founding-Fathers-Quote-Book";
				PRODUCT_NAME = Quotes;
				SWIFT_VERSION = 5.0;
				TARGETED_DEVICE_FAMILY = "1,2";
			};
			name = Release;
		};
/* End XCBuildConfiguration section */

/* Begin XCConfigurationList section */
		012072582327ECEE007B423D /* Build configuration list for PBXProject "Founding Fathers Quote Book" */ = {
			isa = XCConfigurationList;
			buildConfigurations = (
				0120726F2327ECEF007B423D /* Debug */,
				012072702327ECEF007B423D /* Release */,
			);
			defaultConfigurationIsVisible = 0;
			defaultConfigurationName = Release;
		};
		012072712327ECEF007B423D /* Build configuration list for PBXNativeTarget "Founding Fathers Quote Book" */ = {
			isa = XCConfigurationList;
			buildConfigurations = (
				012072722327ECEF007B423D /* Debug */,
				012072732327ECEF007B423D /* Release */,
			);
			defaultConfigurationIsVisible = 0;
			defaultConfigurationName = Release;
		};
/* End XCConfigurationList section */
	};
	rootObject = 012072552327ECEE007B423D /* Project object */;
}
